{
  "name": "agentenv-substrate-sdk-acceptance",
  "lockfileVersion": 3,
  "requires": true,
  "packages": {
    "": {
      "name": "agentenv-substrate-sdk-acceptance",
      "dependencies": {
        "@e2b/cli": "2.21.1",
        "e2b": "2.53.1",
        "tsx": "4.23.15"
      },
      "engines": {
        "node": ">=22"
      }
    },
    "node_modules/@bufbuild/protobuf": {
      "version": "2.16.0",
      "license": "(Apache-2.0 AND BSD-3-Clause)"
    },
    "node_modules/@connectrpc/connect": {
      "version": "2.2.0",
      "license": "Apache-2.0",
      "peerDependencies": {
        "@bufbuild/protobuf": "^2.7.0"
      }
    },
    "node_modules/@connectrpc/connect-web": {
      "version": "2.2.0",
      "license": "Apache-2.0",
      "peerDependencies": {
        "@bufbuild/protobuf": "^2.7.0",
        "@connectrpc/connect": "2.2.0"
      }
    },
    "node_modules/@e2b/cli": {
      "version": "2.21.1",
      "license": "MIT",
      "dependencies": {
        "@iarna/toml": "^2.2.5",
        "@inquirer/prompts": "^7.10.1",
        "@npmcli/package-json": "^7.0.5",
        "async-listen": "^3.1.0",
        "boxen": "^7.1.1",
        "chalk": "^5.6.2",
        "cli-highlight": "^2.1.11",
        "commander": "^11.1.0",
        "e2b": "^2.52.1",
        "handlebars": "^4.7.9",
        "inquirer": "^12.11.1",
        "simple-update-notifier": "^2.0.0",
        "simple-wcswidth": "^1.1.2",
        "statuses": "^2.0.2",
        "yup": "^1.7.1"
      },
      "bin": {
        "e2b": "dist/index.js"
      },
      "engines": {
        "node": ">=20.18.1 <21 || >=22.9.0"
      }
    },
    "node_modules/@esbuild/darwin-x64": {
      "version": "0.28.2",
      "cpu": [
        "x64"
      ],
      "license": "MIT",
      "optional": true,
      "os": [
        "darwin"
      ],
      "engines": {
        "node": ">=18"
      }
    },
    "node_modules/@gar/promise-retry": {
      "version": "1.0.3",
      "license": "MIT",
      "engines": {
        "node": "^20.17.0 || >=22.9.0"
      }
    },
    "node_modules/@iarna/toml": {
      "version": "2.2.5",
      "license": "ISC"
    },
    "node_modules/@inquirer/ansi": {
      "version": "1.0.2",
      "license": "MIT",
      "engines": {
        "node": ">=18"
      }
    },
    "node_modules/@inquirer/checkbox": {
      "version": "4.3.2",
      "license": "MIT",
      "dependencies": {
        "@inquirer/ansi": "^1.0.2",
        "@inquirer/core": "^10.3.2",
        "@inquirer/figures": "^1.0.15",
        "@inquirer/type": "^3.0.10",
        "yoctocolors-cjs": "^2.1.3"
      },
      "engines": {
        "node": ">=18"
      },
      "peerDependencies": {
        "@types/node": ">=18"
      },
      "peerDependenciesMeta": {
        "@types/node": {
          "optional": true
        }
      }
    },
    "node_modules/@inquirer/confirm": {
      "version": "5.1.21",
      "license": "MIT",
      "dependencies": {
        "@inquirer/core": "^10.3.2",
        "@inquirer/type": "^3.0.10"
      },
      "engines": {
        "node": ">=18"
      },
      "peerDependencies": {
        "@types/node": ">=18"
      },
      "peerDependenciesMeta": {
        "@types/node": {
          "optional": true
        }
      }
    },
    "node_modules/@inquirer/core": {
      "version": "10.3.2",
      "license": "MIT",
      "dependencies": {
        "@inquirer/ansi": "^1.0.2",
        "@inquirer/figures": "^1.0.15",
        "@inquirer/type": "^3.0.10",
        "cli-width": "^4.1.0",
        "mute-stream": "^2.0.0",
        "signal-exit": "^4.1.0",
        "wrap-ansi": "^6.2.0",
        "yoctocolors-cjs": "^2.1.3"
      },
      "engines": {
        "node": ">=18"
      },
      "peerDependencies": {
        "@types/node": ">=18"
      },
      "peerDependenciesMeta": {
        "@types/node": {
          "optional": true
        }
      }
    },
    "node_modules/@inquirer/editor": {
      "version": "4.2.23",
      "license": "MIT",
      "dependencies": {
        "@inquirer/core": "^10.3.2",
        "@inquirer/external-editor": "^1.0.3",
        "@inquirer/type": "^3.0.10"
      },
      "engines": {
        "node": ">=18"
      },
      "peerDependencies": {
        "@types/node": ">=18"
      },
      "peerDependenciesMeta": {
        "@types/node": {
          "optional": true
        }
      }
    },
    "node_modules/@inquirer/expand": {
      "version": "4.0.23",
      "license": "MIT",
      "dependencies": {
        "@inquirer/core": "^10.3.2",
        "@inquirer/type": "^3.0.10",
        "yoctocolors-cjs": "^2.1.3"
      },
      "engines": {
        "node": ">=18"
      },
      "peerDependencies": {
        "@types/node": ">=18"
      },
      "peerDependenciesMeta": {
        "@types/node": {
          "optional": true
        }
      }
    },
    "node_modules/@inquirer/external-editor": {
      "version": "1.0.3",
      "license": "MIT",
      "dependencies": {
        "chardet": "^2.1.1",
        "iconv-lite": "^0.7.0"
      },
      "engines": {
        "node": ">=18"
      },
      "peerDependencies": {
        "@types/node": ">=18"
      },
      "peerDependenciesMeta": {
        "@types/node": {
          "optional": true
        }
      }
    },
    "node_modules/@inquirer/figures": {
      "version": "1.0.15",
      "license": "MIT",
      "engines": {
        "node": ">=18"
      }
    },
    "node_modules/@inquirer/input": {
      "version": "4.3.1",
      "license": "MIT",
      "dependencies": {
        "@inquirer/core": "^10.3.2",
        "@inquirer/type": "^3.0.10"
      },
      "engines": {
        "node": ">=18"
      },
      "peerDependencies": {
        "@types/node": ">=18"
      },
      "peerDependenciesMeta": {
        "@types/node": {
          "optional": true
        }
      }
    },
    "node_modules/@inquirer/number": {
      "version": "3.0.23",
      "license": "MIT",
      "dependencies": {
        "@inquirer/core": "^10.3.2",
        "@inquirer/type": "^3.0.10"
      },
      "engines": {
        "node": ">=18"
      },
      "peerDependencies": {
        "@types/node": ">=18"
      },
      "peerDependenciesMeta": {
        "@types/node": {
          "optional": true
        }
      }
    },
    "node_modules/@inquirer/password": {
      "version": "4.0.23",
      "license": "MIT",
      "dependencies": {
        "@inquirer/ansi": "^1.0.2",
        "@inquirer/core": "^10.3.2",
        "@inquirer/type": "^3.0.10"
      },
      "engines": {
        "node": ">=18"
      },
      "peerDependencies": {
        "@types/node": ">=18"
      },
      "peerDependenciesMeta": {
        "@types/node": {
          "optional": true
        }
      }
    },
    "node_modules/@inquirer/prompts": {
      "version": "7.10.1",
      "license": "MIT",
      "dependencies": {
        "@inquirer/checkbox": "^4.3.2",
        "@inquirer/confirm": "^5.1.21",
        "@inquirer/editor": "^4.2.23",
        "@inquirer/expand": "^4.0.23",
        "@inquirer/input": "^4.3.1",
        "@inquirer/number": "^3.0.23",
        "@inquirer/password": "^4.0.23",
        "@inquirer/rawlist": "^4.1.11",
        "@inquirer/search": "^3.2.2",
        "@inquirer/select": "^4.4.2"
      },
      "engines": {
        "node": ">=18"
      },
      "peerDependencies": {
        "@types/node": ">=18"
      },
      "peerDependenciesMeta": {
        "@types/node": {
          "optional": true
        }
      }
    },
    "node_modules/@inquirer/rawlist": {
      "version": "4.1.11",
      "license": "MIT",
      "dependencies": {
        "@inquirer/core": "^10.3.2",
        "@inquirer/type": "^3.0.10",
        "yoctocolors-cjs": "^2.1.3"
      },
      "engines": {
        "node": ">=18"
      },
      "peerDependencies": {
        "@types/node": ">=18"
      },
      "peerDependenciesMeta": {
        "@types/node": {
          "optional": true
        }
      }
    },
    "node_modules/@inquirer/search": {
      "version": "3.2.2",
      "license": "MIT",
      "dependencies": {
        "@inquirer/core": "^10.3.2",
        "@inquirer/figures": "^1.0.15",
        "@inquirer/type": "^3.0.10",
        "yoctocolors-cjs": "^2.1.3"
      },
      "engines": {
        "node": ">=18"
      },
      "peerDependencies": {
        "@types/node": ">=18"
      },
      "peerDependenciesMeta": {
        "@types/node": {
          "optional": true
        }
      }
    },
    "node_modules/@inquirer/select": {
      "version": "4.4.2",
      "license": "MIT",
      "dependencies": {
        "@inquirer/ansi": "^1.0.2",
        "@inquirer/core": "^10.3.2",
        "@inquirer/figures": "^1.0.15",
        "@inquirer/type": "^3.0.10",
        "yoctocolors-cjs": "^2.1.3"
      },
      "engines": {
        "node": ">=18"
      },
      "peerDependencies": {
        "@types/node": ">=18"
      },
      "peerDependenciesMeta": {
        "@types/node": {
          "optional": true
        }
      }
    },
    "node_modules/@inquirer/type": {
      "version": "3.0.10",
      "license": "MIT",
      "engines": {
        "node": ">=18"
      },
      "peerDependencies": {
        "@types/node": ">=18"
      },
      "peerDependenciesMeta": {
        "@types/node": {
          "optional": true
        }
      }
    },
    "node_modules/@isaacs/fs-minipass": {
      "version": "4.0.1",
      "license": "ISC",
      "dependencies": {
        "minipass": "^7.0.4"
      },
      "engines": {
        "node": ">=18.0.0"
      }
    },
    "node_modules/@npmcli/git": {
      "version": "7.0.2",
      "license": "ISC",
      "dependencies": {
        "@gar/promise-retry": "^1.0.0",
        "@npmcli/promise-spawn": "^9.0.0",
        "ini": "^6.0.0",
        "lru-cache": "^11.2.1",
        "npm-pick-manifest": "^11.0.1",
        "proc-log": "^6.0.0",
        "semver": "^7.3.5",
        "which": "^6.0.0"
      },
      "engines": {
        "node": "^20.17.0 || >=22.9.0"
      }
    },
    "node_modules/@npmcli/package-json": {
      "version": "7.0.5",
      "license": "ISC",
      "dependencies": {
        "@npmcli/git": "^7.0.0",
        "glob": "^13.0.0",
        "hosted-git-info": "^9.0.0",
        "json-parse-even-better-errors": "^5.0.0",
        "proc-log": "^6.0.0",
        "semver": "^7.5.3",
        "spdx-expression-parse": "^4.0.0"
      },
      "engines": {
        "node": "^20.17.0 || >=22.9.0"
      }
    },
    "node_modules/@npmcli/promise-spawn": {
      "version": "9.0.1",
      "license": "ISC",
      "dependencies": {
        "which": "^6.0.0"
      },
      "engines": {
        "node": "^20.17.0 || >=22.9.0"
      }
    },
    "node_modules/ansi-align": {
      "version": "3.0.1",
      "license": "ISC",
      "dependencies": {
        "string-width": "^4.1.0"
      }
    },
    "node_modules/ansi-regex": {
      "version": "5.0.1",
      "license": "MIT",
      "engines": {
        "node": ">=8"
      }
    },
    "node_modules/ansi-styles": {
      "version": "4.3.0",
      "license": "MIT",
      "dependencies": {
        "color-convert": "^2.0.1"
      },
      "engines": {
        "node": ">=8"
      },
      "funding": {
        "url": "https://github.com/chalk/ansi-styles?sponsor=1"
      }
    },
    "node_modules/any-promise": {
      "version": "1.3.0",
      "license": "MIT"
    },
    "node_modules/async-listen": {
      "version": "3.1.0",
      "license": "MIT",
      "engines": {
        "node": ">= 14"
      }
    },
    "node_modules/balanced-match": {
      "version": "4.0.4",
      "license": "MIT",
      "engines": {
        "node": "18 || 20 || >=22"
      }
    },
    "node_modules/boxen": {
      "version": "7.1.1",
      "license": "MIT",
      "dependencies": {
        "ansi-align": "^3.0.1",
        "camelcase": "^7.0.1",
        "chalk": "^5.2.0",
        "cli-boxes": "^3.0.0",
        "string-width": "^5.1.2",
        "type-fest": "^2.13.0",
        "widest-line": "^4.0.1",
        "wrap-ansi": "^8.1.0"
      },
      "engines": {
        "node": ">=14.16"
      },
      "funding": {
        "url": "https://github.com/sponsors/sindresorhus"
      }
    },
    "node_modules/boxen/node_modules/ansi-regex": {
      "version": "6.4.0",
      "license": "MIT",
      "engines": {
        "node": ">=12"
      },
      "funding": {
        "url": "https://github.com/chalk/ansi-regex?sponsor=1"
      }
    },
    "node_modules/boxen/node_modules/ansi-styles": {
      "version": "6.2.3",
      "license": "MIT",
      "engines": {
        "node": ">=12"
      },
      "funding": {
        "url": "https://github.com/chalk/ansi-styles?sponsor=1"
      }
    },
    "node_modules/boxen/node_modules/emoji-regex": {
      "version": "9.2.2",
      "license": "MIT"
    },
    "node_modules/boxen/node_modules/string-width": {
      "version": "5.1.2",
      "license": "MIT",
      "dependencies": {
        "eastasianwidth": "^0.2.0",
        "emoji-regex": "^9.2.2",
        "strip-ansi": "^7.0.1"
      },
      "engines": {
        "node": ">=12"
      },
      "funding": {
        "url": "https://github.com/sponsors/sindresorhus"
      }
    },
    "node_modules/boxen/node_modules/strip-ansi": {
      "version": "7.2.0",
      "license": "MIT",
      "dependencies": {
        "ansi-regex": "^6.2.2"
      },
      "engines": {
        "node": ">=12"
      },
      "funding": {
        "url": "https://github.com/chalk/strip-ansi?sponsor=1"
      }
    },
    "node_modules/boxen/node_modules/wrap-ansi": {
      "version": "8.1.0",
      "license": "MIT",
      "dependencies": {
        "ansi-styles": "^6.1.0",
        "string-width": "^5.0.1",
        "strip-ansi": "^7.0.1"
      },
      "engines": {
        "node": ">=12"
      },
      "funding": {
        "url": "https://github.com/chalk/wrap-ansi?sponsor=1"
      }
    },
    "node_modules/brace-expansion": {
      "version": "5.0.12",
      "license": "MIT",
      "dependencies": {
        "balanced-match": "^4.0.2"
      },
      "engines": {
        "node": "20 || >=22"
      }
    },
    "node_modules/camelcase": {
      "version": "7.0.1",
      "license": "MIT",
      "engines": {
        "node": ">=14.16"
      },
      "funding": {
        "url": "https://github.com/sponsors/sindresorhus"
      }
    },
    "node_modules/chalk": {
      "version": "5.6.2",
      "license": "MIT",
      "engines": {
        "node": "^12.17.0 || ^14.13 || >=16.0.0"
      },
      "funding": {
        "url": "https://github.com/chalk/chalk?sponsor=1"
      }
    },
    "node_modules/chardet": {
      "version": "2.2.0",
      "license": "MIT"
    },
    "node_modules/chownr": {
      "version": "3.0.0",
      "license": "BlueOak-1.0.0",
      "engines": {
        "node": ">=18"
      }
    },
    "node_modules/cli-boxes": {
      "version": "3.0.0",
      "license": "MIT",
      "engines": {
        "node": ">=10"
      },
      "funding": {
        "url": "https://github.com/sponsors/sindresorhus"
      }
    },
    "node_modules/cli-highlight": {
      "version": "2.1.11",
      "license": "ISC",
      "dependencies": {
        "chalk": "^4.0.0",
        "highlight.js": "^10.7.1",
        "mz": "^2.4.0",
        "parse5": "^5.1.1",
        "parse5-htmlparser2-tree-adapter": "^6.0.0",
        "yargs": "^16.0.0"
      },
      "bin": {
        "highlight": "bin/highlight"
      },
      "engines": {
        "node": ">=8.0.0",
        "npm": ">=5.0.0"
      }
    },
    "node_modules/cli-highlight/node_modules/chalk": {
      "version": "4.1.2",
      "license": "MIT",
      "dependencies": {
        "ansi-styles": "^4.1.0",
        "supports-color": "^7.1.0"
      },
      "engines": {
        "node": ">=10"
      },
      "funding": {
        "url": "https://github.com/chalk/chalk?sponsor=1"
      }
    },
    "node_modules/cli-width": {
      "version": "4.1.0",
      "license": "ISC",
      "engines": {
        "node": ">= 12"
      }
    },
    "node_modules/cliui": {
      "version": "7.0.4",
      "license": "ISC",
      "dependencies": {
        "string-width": "^4.2.0",
        "strip-ansi": "^6.0.0",
        "wrap-ansi": "^7.0.0"
      }
    },
    "node_modules/cliui/node_modules/wrap-ansi": {
      "version": "7.0.0",
      "license": "MIT",
      "dependencies": {
        "ansi-styles": "^4.0.0",
        "string-width": "^4.1.0",
        "strip-ansi": "^6.0.0"
      },
      "engines": {
        "node": ">=10"
      },
      "funding": {
        "url": "https://github.com/chalk/wrap-ansi?sponsor=1"
      }
    },
    "node_modules/color-convert": {
      "version": "2.0.1",
      "license": "MIT",
      "dependencies": {
        "color-name": "~1.1.4"
      },
      "engines": {
        "node": ">=7.0.0"
      }
    },
    "node_modules/color-name": {
      "version": "1.1.4",
      "license": "MIT"
    },
    "node_modules/commander": {
      "version": "11.1.0",
      "license": "MIT",
      "engines": {
        "node": ">=16"
      }
    },
    "node_modules/compare-versions": {
      "version": "6.1.1",
      "license": "MIT"
    },
    "node_modules/dockerfile-ast": {
      "version": "0.7.1",
      "license": "MIT",
      "dependencies": {
        "vscode-languageserver-textdocument": "^1.0.8",
        "vscode-languageserver-types": "^3.17.3"
      },
      "engines": {
        "node": "*"
      }
    },
    "node_modules/e2b": {
      "version": "2.53.1",
      "license": "MIT",
      "dependencies": {
        "@bufbuild/protobuf": "^2.15.0",
        "@connectrpc/connect": "^2.2.0",
        "@connectrpc/connect-web": "^2.2.0",
        "chalk": "^5.6.2",
        "compare-versions": "^6.1.1",
        "dockerfile-ast": "^0.7.1",
        "glob": "^13.0.6",
        "openapi-fetch": "^0.17.0",
        "platform": "^1.3.6",
        "tar": "^7.5.22",
        "undici": "^7.30.0"
      },
      "engines": {
        "node": ">=20.18.1 <21 || >=22"
      },
      "optionalDependencies": {
        "undici8": "npm:undici@8.11.2"
      }
    },
    "node_modules/eastasianwidth": {
      "version": "0.2.0",
      "license": "MIT"
    },
    "node_modules/emoji-regex": {
      "version": "8.0.0",
      "license": "MIT"
    },
    "node_modules/esbuild": {
      "version": "0.28.2",
      "hasInstallScript": true,
      "license": "MIT",
      "bin": {
        "esbuild": "bin/esbuild"
      },
      "engines": {
        "node": ">=18"
      },
      "optionalDependencies": {
        "@esbuild/aix-ppc64": "0.28.2",
        "@esbuild/android-arm": "0.28.2",
        "@esbuild/android-arm64": "0.28.2",
        "@esbuild/android-x64": "0.28.2",
        "@esbuild/darwin-arm64": "0.28.2",
        "@esbuild/darwin-x64": "0.28.2",
        "@esbuild/freebsd-arm64": "0.28.2",
        "@esbuild/freebsd-x64": "0.28.2",
        "@esbuild/linux-arm": "0.28.2",
        "@esbuild/linux-arm64": "0.28.2",
        "@esbuild/linux-ia32": "0.28.2",
        "@esbuild/linux-loong64": "0.28.2",
        "@esbuild/linux-mips64el": "0.28.2",
        "@esbuild/linux-ppc64": "0.28.2",
        "@esbuild/linux-riscv64": "0.28.2",
        "@esbuild/linux-s390x": "0.28.2",
        "@esbuild/linux-x64": "0.28.2",
        "@esbuild/netbsd-arm64": "0.28.2",
        "@esbuild/netbsd-x64": "0.28.2",
        "@esbuild/openbsd-arm64": "0.28.2",
        "@esbuild/openbsd-x64": "0.28.2",
        "@esbuild/openharmony-arm64": "0.28.2",
        "@esbuild/sunos-x64": "0.28.2",
        "@esbuild/win32-arm64": "0.28.2",
        "@esbuild/win32-ia32": "0.28.2",
        "@esbuild/win32-x64": "0.28.2"
      }
    },
    "node_modules/escalade": {
      "version": "3.2.0",
      "license": "MIT",
      "engines": {
        "node": ">=6"
      }
    },
    "node_modules/fsevents": {
      "version": "2.3.3",
      "hasInstallScript": true,
      "license": "MIT",
      "optional": true,
      "os": [
        "darwin"
      ],
      "engines": {
        "node": "^8.16.0 || ^10.6.0 || >=11.0.0"
      }
    },
    "node_modules/get-caller-file": {
      "version": "2.0.5",
      "license": "ISC",
      "engines": {
        "node": "6.* || 8.* || >= 10.*"
      }
    },
    "node_modules/glob": {
      "version": "13.0.6",
      "license": "BlueOak-1.0.0",
      "dependencies": {
        "minimatch": "^10.2.2",
        "minipass": "^7.1.3",
        "path-scurry": "^2.0.2"
      },
      "engines": {
        "node": "18 || 20 || >=22"
      },
      "funding": {
        "url": "https://github.com/sponsors/isaacs"
      }
    },
    "node_modules/handlebars": {
      "version": "4.7.10",
      "license": "MIT",
      "dependencies": {
        "minimist": "^1.2.8",
        "neo-async": "^2.6.2",
        "source-map": "^0.6.1",
        "wordwrap": "^1.0.0"
      },
      "bin": {
        "handlebars": "bin/handlebars"
      },
      "engines": {
        "node": ">=0.4.7"
      },
      "optionalDependencies": {
        "uglify-js": "^3.1.4"
      }
    },
    "node_modules/has-flag": {
      "version": "4.0.0",
      "license": "MIT",
      "engines": {
        "node": ">=8"
      }
    },
    "node_modules/highlight.js": {
      "version": "10.7.3",
      "license": "BSD-3-Clause",
      "engines": {
        "node": "*"
      }
    },
    "node_modules/hosted-git-info": {
      "version": "9.0.3",
      "license": "ISC",
      "dependencies": {
        "lru-cache": "^11.1.0"
      },
      "engines": {
        "node": "^20.17.0 || >=22.9.0"
      }
    },
    "node_modules/iconv-lite": {
      "version": "0.7.3",
      "license": "MIT",
      "dependencies": {
        "safer-buffer": ">= 2.1.2 < 3.0.0"
      },
      "engines": {
        "node": ">=0.10.0"
      },
      "funding": {
        "type": "opencollective",
        "url": "https://opencollective.com/express"
      }
    },
    "node_modules/ini": {
      "version": "6.0.0",
      "license": "ISC",
      "engines": {
        "node": "^20.17.0 || >=22.9.0"
      }
    },
    "node_modules/inquirer": {
      "version": "12.11.1",
      "license": "MIT",
      "dependencies": {
        "@inquirer/ansi": "^1.0.2",
        "@inquirer/core": "^10.3.2",
        "@inquirer/prompts": "^7.10.1",
        "@inquirer/type": "^3.0.10",
        "mute-stream": "^2.0.0",
        "run-async": "^4.0.6",
        "rxjs": "^7.8.2"
      },
      "engines": {
        "node": ">=18"
      },
      "peerDependencies": {
        "@types/node": ">=18"
      },
      "peerDependenciesMeta": {
        "@types/node": {
          "optional": true
        }
      }
    },
    "node_modules/is-fullwidth-code-point": {
      "version": "3.0.0",
      "license": "MIT",
      "engines": {
        "node": ">=8"
      }
    },
    "node_modules/isexe": {
      "version": "4.0.0",
      "license": "BlueOak-1.0.0",
      "engines": {
        "node": ">=20"
      }
    },
    "node_modules/json-parse-even-better-errors": {
      "version": "5.0.0",
      "license": "MIT",
      "engines": {
        "node": "^20.17.0 || >=22.9.0"
      }
    },
    "node_modules/lru-cache": {
      "version": "11.5.3",
      "license": "BlueOak-1.0.0",
      "engines": {
        "node": "20 || >=22"
      }
    },
    "node_modules/minimatch": {
      "version": "10.2.6",
      "license": "BlueOak-1.0.0",
      "dependencies": {
        "brace-expansion": "^5.0.8"
      },
      "engines": {
        "node": "18 || 20 || >=22"
      },
      "funding": {
        "url": "https://github.com/sponsors/isaacs"
      }
    },
    "node_modules/minimist": {
      "version": "1.2.8",
      "license": "MIT",
      "funding": {
        "url": "https://github.com/sponsors/ljharb"
      }
    },
    "node_modules/minipass": {
      "version": "7.1.3",
      "license": "BlueOak-1.0.0",
      "engines": {
        "node": ">=16 || 14 >=14.17"
      }
    },
    "node_modules/minizlib": {
      "version": "3.1.0",
      "license": "MIT",
      "dependencies": {
        "minipass": "^7.1.2"
      },
      "engines": {
        "node": ">= 18"
      }
    },
    "node_modules/mute-stream": {
      "version": "2.0.0",
      "license": "ISC",
      "engines": {
        "node": "^18.17.0 || >=20.5.0"
      }
    },
    "node_modules/mz": {
      "version": "2.7.0",
      "license": "MIT",
      "dependencies": {
        "any-promise": "^1.0.0",
        "object-assign": "^4.0.1",
        "thenify-all": "^1.0.0"
      }
    },
    "node_modules/neo-async": {
      "version": "2.6.2",
      "license": "MIT"
    },
    "node_modules/npm-install-checks": {
      "version": "8.0.0",
      "license": "BSD-2-Clause",
      "dependencies": {
        "semver": "^7.1.1"
      },
      "engines": {
        "node": "^20.17.0 || >=22.9.0"
      }
    },
    "node_modules/npm-normalize-package-bin": {
      "version": "5.0.0",
      "license": "ISC",
      "engines": {
        "node": "^20.17.0 || >=22.9.0"
      }
    },
    "node_modules/npm-package-arg": {
      "version": "13.0.2",
      "license": "ISC",
      "dependencies": {
        "hosted-git-info": "^9.0.0",
        "proc-log": "^6.0.0",
        "semver": "^7.3.5",
        "validate-npm-package-name": "^7.0.0"
      },
      "engines": {
        "node": "^20.17.0 || >=22.9.0"
      }
    },
    "node_modules/npm-pick-manifest": {
      "version": "11.0.3",
      "license": "ISC",
      "dependencies": {
        "npm-install-checks": "^8.0.0",
        "npm-normalize-package-bin": "^5.0.0",
        "npm-package-arg": "^13.0.0",
        "semver": "^7.3.5"
      },
      "engines": {
        "node": "^20.17.0 || >=22.9.0"
      }
    },
    "node_modules/object-assign": {
      "version": "4.1.1",
      "license": "MIT",
      "engines": {
        "node": ">=0.10.0"
      }
    },
    "node_modules/openapi-fetch": {
      "version": "0.17.0",
      "license": "MIT",
      "dependencies": {
        "openapi-typescript-helpers": "^0.1.0"
      }
    },
    "node_modules/openapi-typescript-helpers": {
      "version": "0.1.0",
      "license": "MIT"
    },
    "node_modules/parse5": {
      "version": "5.1.1",
      "license": "MIT"
    },
    "node_modules/parse5-htmlparser2-tree-adapter": {
      "version": "6.0.1",
      "license": "MIT",
      "dependencies": {
        "parse5": "^6.0.1"
      }
    },
    "node_modules/parse5-htmlparser2-tree-adapter/node_modules/parse5": {
      "version": "6.0.1",
      "license": "MIT"
    },
    "node_modules/path-scurry": {
      "version": "2.0.2",
      "license": "BlueOak-1.0.0",
      "dependencies": {
        "lru-cache": "^11.0.0",
        "minipass": "^7.1.2"
      },
      "engines": {
        "node": "18 || 20 || >=22"
      },
      "funding": {
        "url": "https://github.com/sponsors/isaacs"
      }
    },
    "node_modules/platform": {
      "version": "1.3.6",
      "license": "MIT"
    },
    "node_modules/proc-log": {
      "version": "6.1.0",
      "license": "ISC",
      "engines": {
        "node": "^20.17.0 || >=22.9.0"
      }
    },
    "node_modules/property-expr": {
      "version": "2.0.6",
      "license": "MIT"
    },
    "node_modules/require-directory": {
      "version": "2.1.1",
      "license": "MIT",
      "engines": {
        "node": ">=0.10.0"
      }
    },
    "node_modules/run-async": {
      "version": "4.0.6",
      "license": "MIT",
      "engines": {
        "node": ">=0.12.0"
      }
    },
    "node_modules/rxjs": {
      "version": "7.8.2",
      "license": "Apache-2.0",
      "dependencies": {
        "tslib": "^2.1.0"
      }
    },
    "node_modules/safer-buffer": {
      "version": "2.1.2",
      "license": "MIT"
    },
    "node_modules/semver": {
      "version": "7.8.5",
      "license": "ISC",
      "bin": {
        "semver": "bin/semver.js"
      },
      "engines": {
        "node": ">=10"
      }
    },
    "node_modules/signal-exit": {
      "version": "4.1.0",
      "license": "ISC",
      "engines": {
        "node": ">=14"
      },
      "funding": {
        "url": "https://github.com/sponsors/isaacs"
      }
    },
    "node_modules/simple-update-notifier": {
      "version": "2.0.0",
      "license": "MIT",
      "dependencies": {
        "semver": "^7.5.3"
      },
      "engines": {
        "node": ">=10"
      }
    },
    "node_modules/simple-wcswidth": {
      "version": "1.1.2",
      "license": "MIT"
    },
    "node_modules/source-map": {
      "version": "0.6.1",
      "license": "BSD-3-Clause",
      "engines": {
        "node": ">=0.10.0"
      }
    },
    "node_modules/spdx-exceptions": {
      "version": "2.5.0",
      "license": "CC-BY-3.0"
    },
    "node_modules/spdx-expression-parse": {
      "version": "4.0.0",
      "license": "MIT",
      "dependencies": {
        "spdx-exceptions": "^2.1.0",
        "spdx-license-ids": "^3.0.0"
      }
    },
    "node_modules/spdx-license-ids": {
      "version": "3.0.24",
      "license": "CC0-1.0"
    },
    "node_modules/statuses": {
      "version": "2.0.2",
      "license": "MIT",
      "engines": {
        "node": ">= 0.8"
      }
    },
    "node_modules/string-width": {
      "version": "4.2.3",
      "license": "MIT",
      "dependencies": {
        "emoji-regex": "^8.0.0",
        "is-fullwidth-code-point": "^3.0.0",
        "strip-ansi": "^6.0.1"
      },
      "engines": {
        "node": ">=8"
      }
    },
    "node_modules/strip-ansi": {
      "version": "6.0.1",
      "license": "MIT",
      "dependencies": {
        "ansi-regex": "^5.0.1"
      },
      "engines": {
        "node": ">=8"
      }
    },
    "node_modules/supports-color": {
      "version": "7.2.0",
      "license": "MIT",
      "dependencies": {
        "has-flag": "^4.0.0"
      },
      "engines": {
        "node": ">=8"
      }
    },
    "node_modules/tar": {
      "version": "7.5.22",
      "license": "BlueOak-1.0.0",
      "dependencies": {
        "@isaacs/fs-minipass": "^4.0.0",
        "chownr": "^3.0.0",
        "minipass": "^7.1.2",
        "minizlib": "^3.1.0",
        "yallist": "^5.0.0"
      },
      "engines": {
        "node": ">=18"
      }
    },
    "node_modules/thenify": {
      "version": "3.3.1",
      "license": "MIT",
      "dependencies": {
        "any-promise": "^1.0.0"
      }
    },
    "node_modules/thenify-all": {
      "version": "1.6.0",
      "license": "MIT",
      "dependencies": {
        "thenify": ">= 3.1.0 < 4"
      },
      "engines": {
        "node": ">=0.8"
      }
    },
    "node_modules/tiny-case": {
      "version": "1.0.3",
      "license": "MIT"
    },
    "node_modules/toposort": {
      "version": "2.0.2",
      "license": "MIT"
    },
    "node_modules/tslib": {
      "version": "2.8.1",
      "license": "0BSD"
    },
    "node_modules/tsx": {
      "version": "4.23.15",
      "license": "MIT",
      "dependencies": {
        "esbuild": "~0.28.0"
      },
      "bin": {
        "tsx": "dist/cli.mjs"
      },
      "engines": {
        "node": ">=18.0.0"
      },
      "optionalDependencies": {
        "fsevents": "~2.3.3"
      }
    },
    "node_modules/type-fest": {
      "version": "2.19.0",
      "license": "(MIT OR CC0-1.0)",
      "engines": {
        "node": ">=12.20"
      },
      "funding": {
        "url": "https://github.com/sponsors/sindresorhus"
      }
    },
    "node_modules/uglify-js": {
      "version": "3.19.3",
      "license": "BSD-2-Clause",
      "optional": true,
      "bin": {
        "uglifyjs": "bin/uglifyjs"
      },
      "engines": {
        "node": ">=0.8.0"
      }
    },
    "node_modules/undici": {
      "version": "7.30.0",
      "license": "MIT",
      "engines": {
        "node": ">=20.18.1"
      }
    },
    "node_modules/validate-npm-package-name": {
      "version": "7.0.2",
      "license": "ISC",
      "engines": {
        "node": "^20.17.0 || >=22.9.0"
      }
    },
    "node_modules/vscode-languageserver-textdocument": {
      "version": "1.0.15",
      "license": "MIT"
    },
    "node_modules/vscode-languageserver-types": {
      "version": "3.18.4",
      "license": "MIT"
    },
    "node_modules/which": {
      "version": "6.0.1",
      "license": "ISC",
      "dependencies": {
        "isexe": "^4.0.0"
      },
      "bin": {
        "node-which": "bin/which.js"
      },
      "engines": {
        "node": "^20.17.0 || >=22.9.0"
      }
    },
    "node_modules/widest-line": {
      "version": "4.0.1",
      "license": "MIT",
      "dependencies": {
        "string-width": "^5.0.1"
      },
      "engines": {
        "node": ">=12"
      },
      "funding": {
        "url": "https://github.com/sponsors/sindresorhus"
      }
    },
    "node_modules/widest-line/node_modules/ansi-regex": {
      "version": "6.4.0",
      "license": "MIT",
      "engines": {
        "node": ">=12"
      },
      "funding": {
        "url": "https://github.com/chalk/ansi-regex?sponsor=1"
      }
    },
    "node_modules/widest-line/node_modules/emoji-regex": {
      "version": "9.2.2",
      "license": "MIT"
    },
    "node_modules/widest-line/node_modules/string-width": {
      "version": "5.1.2",
      "license": "MIT",
      "dependencies": {
        "eastasianwidth": "^0.2.0",
        "emoji-regex": "^9.2.2",
        "strip-ansi": "^7.0.1"
      },
      "engines": {
        "node": ">=12"
      },
      "funding": {
        "url": "https://github.com/sponsors/sindresorhus"
      }
    },
    "node_modules/widest-line/node_modules/strip-ansi": {
      "version": "7.2.0",
      "license": "MIT",
      "dependencies": {
        "ansi-regex": "^6.2.2"
      },
      "engines": {
        "node": ">=12"
      },
      "funding": {
        "url": "https://github.com/chalk/strip-ansi?sponsor=1"
      }
    },
    "node_modules/wordwrap": {
      "version": "1.0.0",
      "license": "MIT"
    },
    "node_modules/wrap-ansi": {
      "version": "6.2.0",
      "license": "MIT",
      "dependencies": {
        "ansi-styles": "^4.0.0",
        "string-width": "^4.1.0",
        "strip-ansi": "^6.0.0"
      },
      "engines": {
        "node": ">=8"
      }
    },
    "node_modules/y18n": {
      "version": "5.0.8",
      "license": "ISC",
      "engines": {
        "node": ">=10"
      }
    },
    "node_modules/yallist": {
      "version": "5.0.0",
      "license": "BlueOak-1.0.0",
      "engines": {
        "node": ">=18"
      }
    },
    "node_modules/yargs": {
      "version": "16.2.2",
      "license": "MIT",
      "dependencies": {
        "cliui": "^7.0.2",
        "escalade": "^3.1.1",
        "get-caller-file": "^2.0.5",
        "require-directory": "^2.1.1",
        "string-width": "^4.2.0",
        "y18n": "^5.0.5",
        "yargs-parser": "^20.2.2"
      },
      "engines": {
        "node": ">=10"
      }
    },
    "node_modules/yargs-parser": {
      "version": "20.2.9",
      "license": "ISC",
      "engines": {
        "node": ">=10"
      }
    },
    "node_modules/yoctocolors-cjs": {
      "version": "2.1.3",
      "license": "MIT",
      "engines": {
        "node": ">=18"
      },
      "funding": {
        "url": "https://github.com/sponsors/sindresorhus"
      }
    },
    "node_modules/yup": {
      "version": "1.7.1",
      "license": "MIT",
      "dependencies": {
        "property-expr": "^2.0.5",
        "tiny-case": "^1.0.3",
        "toposort": "^2.0.2",
        "type-fest": "^2.19.0"
      }
    }
  }
}
