# This file was autogenerated by uv via the following command:
#    uv pip compile --universal --generate-hashes --python-version 3.12 --output-file sdk/requirements.lock sdk/requirements.in
anyio==4.15.1 \
    --hash=sha256:6152fdbbf9a77fdec97731721bebf7c4c44f7c29b424b0065826173efc7ed101 \
    --hash=sha256:9f28306018cbd6d329e64a36d58256edff76dd996fe423bc957326e578b82a94
    # via httpx
attrs==26.1.0 \
    --hash=sha256:c647aa4a12dfbad9333ca4e71fe62ddc36f4e63b2d260a37a8b83d2f043ac309 \
    --hash=sha256:d03ceb89cb322a8fd706d4fb91940737b6642aa36998fe130a9bc96c985eff32
    # via
    #   e2b
    #   e2b-code-interpreter
bracex==3.0.1 \
    --hash=sha256:4e38e32392e4a4780fe15d644bfc7c8514057cfc3861e060b11814ce829c25e4 \
    --hash=sha256:6523ad83aeb5098a4ee597cff0f964442ff74e460bd3fafaffab6a013ff2288c
    # via wcmatch
certifi==2026.7.22 \
    --hash=sha256:62f22742b58a1a33014a2b6b706588a8d7e2a88ae7bd1a6ebe8c992928483775 \
    --hash=sha256:741e2c3b351ddf169a738da9f2c048608ff7f2c5cc02f1ebc6b118bb090d5d55
    # via
    #   httpcore
    #   httpx
connectrpc==0.11.1 \
    --hash=sha256:18277f7838847b4271ca38d40c7d2387b5a2ea6a29f240689c19e1ec84aaff66 \
    --hash=sha256:8a52e2e92a485fa9681c1101a79a5ebeb31807e3ea3d5aabd41f484a6398bc7b
    # via e2b
dockerfile-parse==2.0.1 \
    --hash=sha256:3184ccdc513221983e503ac00e1aa504a2aa8f84e5de673c46b0b6eee99ec7bc \
    --hash=sha256:bdffd126d2eb26acf1066acb54cb2e336682e1d72b974a40894fac76a4df17f6
    # via e2b
e2b==2.53.1 \
    --hash=sha256:12ee0324aef2b6f064fe9037db52ddc3fcc6bec0e9c2064766b5e4a2b7c46d51 \
    --hash=sha256:c58fce7de1104f82b5402d1ec347b28535bfe34f5461ad677a0a752303f8d24b
    # via
    #   -r sdk/requirements.in
    #   e2b-code-interpreter
e2b-code-interpreter==2.10.3 \
    --hash=sha256:c376d962942dd3d3ddc8339e8eae2ee4c4bcad0c7a1fedbc2074d7b60debae97 \
    --hash=sha256:dfba20d42823f0df89e330cb1789dff245e272b07574dbb3947fb8b774f8fd3e
    # via -r sdk/requirements.in
h11==0.16.0 \
    --hash=sha256:4e35b956cf45792e4caa5885e69fba00bdbc6ffafbfa020300e549b208ee5ff1 \
    --hash=sha256:63cf8bbe7522de3bf65932fda1d9c2772064ffb3dae62d55932da54b31cb6c86
    # via httpcore
h2==4.4.1 \
    --hash=sha256:0e25f1462b23c9cb82d9eb02e28bc706dac2a68cb457c6a0d74d63c8a2a5d0e6 \
    --hash=sha256:4e866ffb1a869ae14dd9b5e6beb5c24a13da0495ad72b65925ded182521c1516
    # via e2b
hpack==4.2.0 \
    --hash=sha256:0895cfa3b5531fc65fe439c05eb65144f123bf7a394fcaa56aa423548d8e45c0 \
    --hash=sha256:858ac0b02280fa582b5080d68db0899c62a80375e0e5413a74970c5e518b6986
    # via h2
httpcore==1.0.9 \
    --hash=sha256:2d400746a40668fc9dec9810239072b40b4484b640a8c38fd654a024c7a1bf55 \
    --hash=sha256:6e34463af53fd2ab5d807f399a9b45ea31c3dfa2276f15a2c3f00afff6e176e8
    # via httpx
httpx==0.28.1 \
    --hash=sha256:75e98c5f16b0f35b567856f597f06ff2270a374470a5c2392242528e3e3e42fc \
    --hash=sha256:d909fcccc110f8c7faf814ca82a9a4d816bc5a6dbfea25d6591d6985b8ba59ad
    # via
    #   e2b
    #   e2b-code-interpreter
hyperframe==6.1.0 \
    --hash=sha256:b03380493a519fce58ea5af42e4a42317bf9bd425596f7a0835ffce80f1a42e5 \
    --hash=sha256:f630908a00854a7adeabd6382b43923a4c4cd4b821fcb527e6ab9e15382a3b08
    # via h2
idna==3.20 \
    --hash=sha256:a7db850025b95ded1eae8a46181a1a6c56c92c96f0e2b005d9ff8dc0210cab44 \
    --hash=sha256:ab7ae7122974553370f0bdb919e1a960b2cd1bc1ef0276416d896db81c14582c
    # via
    #   anyio
    #   httpx
markdown-it-py==4.2.0 \
    --hash=sha256:04a21681d6fbb623de53f6f364d352309d4094dd4194040a10fd51833e418d49 \
    --hash=sha256:9f7ebbcd14fe59494226453aed97c1070d83f8d24b6fc3a3bcf9a38092641c4a
    # via rich
mdurl==0.1.2 \
    --hash=sha256:84008a41e51615a49fc9966191ff91509e3c40b939176e643fd50a5c2196b8f8 \
    --hash=sha256:bb413d29f5eea38f31dd4754dd7377d4465116fb207585f97bf925588687c1ba
    # via markdown-it-py
opentelemetry-api==1.45.1 \
    --hash=sha256:aa38ed19bcc084ba42782a73255b3582283eced7ad6dddbd6695189e69adfb75 \
    --hash=sha256:b31553efa588ae44bc306f863c785c5333a9ecc091248c6ee68b4b6c87fdedfb
    # via pyqwest
packaging==26.3 \
    --hash=sha256:94edc256424af38762eb31306eed28beb9f0efc50a8837492c9d6fd6004aed79 \
    --hash=sha256:d7193f7c8e4e93f444fde0262bf90af30e16fa0ad0ad44cb553c87339b23cd1c
    # via e2b
protobuf-py==0.1.1 \
    --hash=sha256:6bd08ac4d8f1661965bbe2685429d79043704cdd1ee720a7a89617331742240b \
    --hash=sha256:efc4f50f275ed6dae10a1f30bb81ad1a75368557b3ff22a532b7a472050368f1
    # via
    #   connectrpc
    #   e2b
protobuf-py-ext==0.1.1 ; (platform_machine == 'arm64' and platform_python_implementation == 'CPython' and sys_platform == 'darwin') or (platform_machine == 'aarch64' and platform_python_implementation == 'CPython' and sys_platform == 'linux') or (platform_machine == 'x86_64' and platform_python_implementation == 'CPython' and sys_platform == 'linux') or (platform_machine == 'AMD64' and platform_python_implementation == 'CPython' and sys_platform == 'win32') or (platform_machine == 'ARM64' and platform_python_implementation == 'CPython' and sys_platform == 'win32') \
    --hash=sha256:10992141a8282a71ac3e3530d1a489efb27618d84000b9a47918cf70e5816d9b \
    --hash=sha256:1610865622e2e27568277ca63d8d2d23dcc55eaa767398865c21539ddf4ce24d \
    --hash=sha256:182798e4861aba72d05855bd06febe4926aa7265e6f444a1b8af5252beee4f7e \
    --hash=sha256:21572764f625d829604fc4d83635f533f35775f11c6da142345b3f3c8d64bd09 \
    --hash=sha256:2a4cc478eef7a2acc1daaebcde479a3ac2396d47e6bdc7e776ca4c4147ba8b4c \
    --hash=sha256:310039e03cb15181781a0b78017419f6d4ee302e988c3c70b87f1facdf05532d \
    --hash=sha256:359dccdc1c3eafed2a913c570bb082b8df848a1d27d548ce8385f246a7d68be2 \
    --hash=sha256:4411ffe0e06a774b83c5c71c546ce097640a25f596c45f95f53d3e3148e3f22d \
    --hash=sha256:53a6b3590f6aa7f97b8ed60f62fef9b096babfeae82f7283fd3a4c405827d4f8 \
    --hash=sha256:55a17d80ea419501ff221a6627523f38a431bb33e6aa3de81ae3a7f271c49c75 \
    --hash=sha256:6b0c615c48e95acc53cf33e9310eeaff8b30d2d7555bf93e7bca8fb4f40e9a5c \
    --hash=sha256:72956cd0af5dee24b41c6f5ba5e42622d17e6d555002b5efc1634e27a1446de2 \
    --hash=sha256:79eee3bcbb289d6ea114eb8fe3a1469c5b59bf53e207238469f567d9c53ba56f \
    --hash=sha256:8995efba9476e1ea18ef9873306871dba697308994bc2766558fec3387acc3de \
    --hash=sha256:89ec8348d1ba045f79b2fedd14e40cca36f2a41b52f2c4fdf55a60c58add2353 \
    --hash=sha256:8a4adc65ab6a5e4885c67fc808bcacb83d755d05b566d312a0e10c2a873f2ad4 \
    --hash=sha256:91c38b4a10a306366443273ee03ca554537a0965bf05b7ada8e7dbdee04cc93e \
    --hash=sha256:9a9c2f026096ca4c595c89a297067ef371e241d3ff8e1f6d7c779aa8419cdca7 \
    --hash=sha256:9dbb518b5638403ceaa08ac4fc7dac626f45ed9b856b3517de3906cf3de4d632 \
    --hash=sha256:9eb25c3a329c0551cc86b209a5e5d8ecb8d834b9924a3aa019377853a703b6d3 \
    --hash=sha256:aaecbde82bef10c7c40578cbb61b7a19896bf7fa450972050a3bb302acb7d5d6 \
    --hash=sha256:ae4373845cbb85bdade3ef5368cc2f4b5f80bf173383afc1ab063f95644e5599 \
    --hash=sha256:ba61d49dace8f874361583030a7c48139b42eb37c9ffbb1e7e8a227a51576f44 \
    --hash=sha256:c6f0cd58620f415a3534d195358338f4999a774e12510f91c592b38d13d37388 \
    --hash=sha256:cf78707a040b9294e5e1ec4a1875f0046acfe52e92150cea27de4e9fc9db39bb \
    --hash=sha256:e7f14f00c2678bfbe7ad46f057b9f9938c1677bcf39e405e163e272c6f9814b8 \
    --hash=sha256:e85bfdfdb3ed50634db8ccc7429dd9286520109489c735463971a418707b4fef \
    --hash=sha256:e97f45c49676efacfb8e95bfcb1a002bc337e618a6780be1e55df2ba5ebd2f1e
    # via protobuf-py
pygments==2.21.0 \
    --hash=sha256:2363c69b61c4a97c838da3b130dcd6468f4848992b21a82f2a63ec34377137d9 \
    --hash=sha256:610ca751c9bc2492b38eb9a38a7fbc93edbbb2d7182edaf34e66ae493dee5c8c
    # via rich
pyqwest==0.10.0 \
    --hash=sha256:07a0eb595f4096232c2d22549b6e4612c1ecada7934e46462c2c37ce14a89cfb \
    --hash=sha256:0879a3f0b37876372aa328b9fee956165db174c1ab72464146fe515f49399ddb \
    --hash=sha256:09364115761579eabfc79d1e954cdb3ded508dac1903fac7285d4c6f058c683f \
    --hash=sha256:0f9163d6dd991bf1bf27308ba38ba021af660b15fffa47ebca98e41cf6f00309 \
    --hash=sha256:14b875d2273212d7fa8e4b755d8d736ffd226b1c707a9c0017dfdc8393a96eca \
    --hash=sha256:1aaccd8a9db9430b2aedb5bad8ead80742cbc056b85c229516c70dc80539f906 \
    --hash=sha256:234b3f71e3f314d997c203d8cf829b7117edd041153f9c277d0060ab90134148 \
    --hash=sha256:23a28beb55fa6d975949bffae4adfb69378f3229bb5cbd71231e95bf66f5b26c \
    --hash=sha256:26401baf7dafc71c8d12d2e8389519d141e6f7c14094d0dd4cf9ec1d3b5555bd \
    --hash=sha256:317a74d633abe3bc5bccabf479e069c515dab9e6a755274b0ccb1d8a5bbfede3 \
    --hash=sha256:35b472877e73dd63fed089c2bc8fa198407f005c8c19e0a93f025ebefde01a81 \
    --hash=sha256:3978e794b9cfd8eaa500fb5d7aee63bc6172c605efa0abc1f62d85485bc049e1 \
    --hash=sha256:399802647ea646c6ac9b5460e541b7c209b7a13563c667b2690ded2060185f2e \
    --hash=sha256:559674a98a8b1217e1830ecd41c9905bf2b60983c6b8017063dfac199f00727c \
    --hash=sha256:5637256a0dac0ef57e0eaa02b032014965e4a4c995e1deca1b1b97e6d1765f78 \
    --hash=sha256:564ec360b7848b35e009038ffbca00466305a9708ab21829477f64aa8cad4c64 \
    --hash=sha256:59f3f16628e518c674102e7b5fcff2101bba6abb4f6737ec5fade9b9278e6a53 \
    --hash=sha256:6bb511c434f79c641efb5573e5795e56dc972252f4b96e52a9636d4ece5231a4 \
    --hash=sha256:6c1a693be17d57d2c2eca4085e32c2809c53090c16719a907c90ebcf1f40dc01 \
    --hash=sha256:715991fd4f04862cd7a9d7452daabcdbd74dff4dff55eb20c22d60382dc2a4ed \
    --hash=sha256:73d9eb438ab4a957a1ce0619d3af8c1c1126bfb9181033b123d792fcf4224531 \
    --hash=sha256:78662158093f9d5c742368f4dd9956aa595f44c6ac0860777c98853ddd5e1610 \
    --hash=sha256:7ea761937acf3a00d1a7e70e982949d18946e5471d1419266ab3a78bbfa19759 \
    --hash=sha256:83578e24cccd5e0dc04d60a0af7bfb43325b5f22d03ff74ff79ed0ecf553b50d \
    --hash=sha256:850b8de6ade09a60bdb2f969871a177c2c304b594b2034ba3f5962c7bea75551 \
    --hash=sha256:a21f1f15252a8303623b4f17b9c6de595ace11b3ade07f2adb6d07121e8191aa \
    --hash=sha256:a5c757cfac5f53c8671dcb4850d5fc4c4339ea3e90636331c9318f8e3ddabc06 \
    --hash=sha256:aa492d5777dd145a60795ed95d9d4707a3cd1091fdcdfc93a82ac7fdc43ebacd \
    --hash=sha256:b5071491e416ea54e3b95bf9ffbed0bd065b093cb96e10a75c3d8f2cbe3c9823 \
    --hash=sha256:b5c80e88a5967c1cadb3237c450f91a84a3683f8838c8dca96f09fee3612e762 \
    --hash=sha256:b68b5e68d513a4c63a072f8f40e38015160cf90bfbf7e8ef7c3935ca87e9e022 \
    --hash=sha256:c04798bed79c1dfa0e5b0e30fb137124311083490d44d6dfbe068d3dd254349e \
    --hash=sha256:c26f3de1feb5d066d7a66802a47407a93ba043696064ad80beda4a0a4bf10056 \
    --hash=sha256:c48910d27820b9c46fcd001b0fe514a3cf47d4784f59512dcdb8c91c395f82e4 \
    --hash=sha256:cfcc7ba0229baa17831582befb046ace167b368140dae022d0b89b8d586ba12c \
    --hash=sha256:d03ba2cd17948b623a6210981d342eb122546d8a8e910ec77511aff4b1acdd00 \
    --hash=sha256:d6e7db305a8318b1f3218053e87501f8f245ca8bd63e948e0282d04bf0883470 \
    --hash=sha256:dc3d80b402fb59dbe015e25993ac8147456fb231a4c949f92a89f31315ad50f9 \
    --hash=sha256:e4415ae40b8eedb1713dab14d7f9fecc3f79d26f3206c561087b88b99d5ce24b \
    --hash=sha256:e5e3c436e041d8873ce5bb0fdcf9f9e86f5604e8f0ef9e03149efebd8cb474f6 \
    --hash=sha256:eb472c6e5d6833ebfec79db310e426eb17b01ac64c0e2c251bd9192c0d2ee0c5 \
    --hash=sha256:eff9ccf427604d34c635954def07b6113d4754f968073eef2df40bdb80b05bf5 \
    --hash=sha256:f399a696392fff3db3eef0a18ef65b8a3b8396d129193487d966b8eb11006376
    # via
    #   connectrpc
    #   e2b
python-dateutil==2.9.0.post0 \
    --hash=sha256:37dd54208da7e1cd875388217d5e00ebd4179249f90fb72437e91a35459a0ad3 \
    --hash=sha256:a8b2bc7bffae282281c8140a97d3aa9c14da0b136dfe83f850eea9a5f7470427
    # via e2b
rich==15.0.0 \
    --hash=sha256:33bd4ef74232fb73fe9279a257718407f169c09b78a87ad3d296f548e27de0bb \
    --hash=sha256:edd07a4824c6b40189fb7ac9bc4c52536e9780fbbfbddf6f1e2502c31b068c36
    # via e2b
six==1.17.0 \
    --hash=sha256:4721f391ed90541fddacab5acf947aa0d3dc7d27b2e1e8eda2be8970586c3274 \
    --hash=sha256:ff70335d468e7eb6ec65b95b99d3a2836546063f63acc5171de367e834932a81
    # via python-dateutil
typing-extensions==4.16.0 \
    --hash=sha256:481caa481374e813c1b176ada14e97f1f67a4539ce9cfeb3f350d78d6370c2e8 \
    --hash=sha256:dc983d19a509c94dba722ee6abd33940f7c05a89e243c47e907eb4db6f1a43e5
    # via
    #   anyio
    #   e2b
    #   opentelemetry-api
wcmatch==11.0.1 \
    --hash=sha256:1ea2b4fa678b8ca268253798d5963935df39132d47c3e241c0a0732224005e7d \
    --hash=sha256:fd149ecddb9f0a88ea780017d6dde17c994e494e7f7303d4e3c9d6251f978f4b
    # via e2b
